Microsoft Visual Studio Solution File, Format Version 12.00
# Visual Studio Version 17
VisualStudioVersion = 17.5.2.0
MinimumVisualStudioVersion = 10.0.40219.1
Project("{FAE04EC0-301F-11D3-BF4B-00C04F79EFBC}") = "OwlLogs.Sdk", "OwlLogs.Sdk.csproj", "{37A96191-F800-3C5D-9B47-7908FAC4125E}"
EndProject
Global
	GlobalSection(SolutionConfigurationPlatforms) = preSolution
		Debug|Any CPU = Debug|Any CPU
		Release|Any CPU = Release|Any CPU
	EndGlobalSection
	GlobalSection(ProjectConfigurationPlatforms) = postSolution
		{37A96191-F800-3C5D-9B47-7908FAC4125E}.Debug|Any CPU.ActiveCfg = Debug|Any CPU
		{37A96191-F800-3C5D-9B47-7908FAC4125E}.Debug|Any CPU.Build.0 = Debug|Any CPU
		{37A96191-F800-3C5D-9B47-7908FAC4125E}.Release|Any CPU.ActiveCfg = Release|Any CPU
		{37A96191-F800-3C5D-9B47-7908FAC4125E}.Release|Any CPU.Build.0 = Release|Any CPU
	EndGlobalSection
	GlobalSection(SolutionProperties) = preSolution
		HideSolutionNode = FALSE
	EndGlobalSection
	GlobalSection(ExtensibilityGlobals) = postSolution
		SolutionGuid = {CD230F2B-6C81-43B0-9D12-471DFCB7FF2D}
	EndGlobalSection
EndGlobal
